// !$*UTF8*$!
{
	archiveVersion = 1;
	classes = {
	};
	objectVersion = 56;
	objects = {

/* Begin PBXBuildFile section */
		948339932AA36E9800BA8277 /* HXDRApp.swift in Sources */ = {isa = PBXBuildFile; fileRef = 948339922AA36E9800BA8277 /* HXDRApp.swift */; };
		948339952AA36E9800BA8277 /* ContentView.swift in Sources */ = {isa = PBXBuildFile; fileRef = 948339942AA36E9800BA8277 /* ContentView.swift */; };
		948339972AA36E9900BA8277 /* Assets.xcassets in Resources */ = {isa = PBXBuildFile; fileRef = 948339962AA36E9900BA8277 /* Assets.xcassets */; };
		9483399A2AA36E9900BA8277 /* Preview Assets.xcassets in Resources */ = {isa = PBXBuildFile; fileRef = 948339992AA36E9900BA8277 /* Preview Assets.xcassets */; };
		948339A22AA3716F00BA8277 /* NetworkManager.swift in Sources */ = {isa = PBXBuildFile; fileRef = 948339A12AA3716F00BA8277 /* NetworkManager.swift */; };
		948339A42AA3728D00BA8277 /* PostData.swift in Sources */ = {isa = PBXBuildFile; fileRef = 948339A32AA3728D00BA8277 /* PostData.swift */; };
		948339A72AA377D700BA8277 /* DetailView.swift in Sources */ = {isa = PBXBuildFile; fileRef = 948339A62AA377D700BA8277 /* DetailView.swift */; };
		948339A92AA37B6000BA8277 /* WebView.swift in Sources */ = {isa = PBXBuildFile; fileRef = 948339A82AA37B6000BA8277 /* WebView.swift */; };
/* End PBXBuildFile section */

/* Begin PBXFileReference section */
		9483398F2AA36E9800BA8277 /* HXDR.app */ = {isa = PBXFileReference; explicitFileType = wrapper.application; includeInIndex = 0; path = HXDR.app; sourceTree = BUILT_PRODUCTS_DIR; };
		948339922AA36E9800BA8277 /* HXDRApp.swift */ = {isa = PBXFileReference; lastKnownFileType = sourcecode.swift; path = HXDRApp.swift; sourceTree = "<group>"; };
		948339942AA36E9800BA8277 /* ContentView.swift */ = {isa = PBXFileReference; lastKnownFileType = sourcecode.swift; path = ContentView.swift; sourceTree = "<group>"; };
		948339962AA36E9900BA8277 /* Assets.xcassets */ = {isa = PBXFileReference; lastKnownFileType = folder.assetcatalog; path = Assets.xcassets; sourceTree = "<group>"; };
		948339992AA36E9900BA8277 /* Preview Assets.xcassets */ = {isa = PBXFileReference; lastKnownFileType = folder.assetcatalog; path = "Preview Assets.xcassets"; sourceTree = "<group>"; };
		948339A12AA3716F00BA8277 /* NetworkManager.swift */ = {isa = PBXFileReference; lastKnownFileType = sourcecode.swift; path = NetworkManager.swift; sourceTree = "<group>"; };
		948339A32AA3728D00BA8277 /* PostData.swift */ = {isa = PBXFileReference; lastKnownFileType = sourcecode.swift; path = PostData.swift; sourceTree = "<group>"; };
		948339A62AA377D700BA8277 /* DetailView.swift */ = {isa = PBXFileReference; lastKnownFileType = sourcecode.swift; path = DetailView.swift; sourceTree = "<group>"; };
		948339A82AA37B6000BA8277 /* WebView.swift */ = {isa = PBXFileReference; lastKnownFileType = sourcecode.swift; path = WebView.swift; sourceTree = "<group>"; };
/* End PBXFileReference section */

/* Begin PBXFrameworksBuildPhase section */
		9483398C2AA36E9800BA8277 /* Frameworks */ = {
			isa = PBXFrameworksBuildPhase;
			buildActionMask = 2147483647;
			files = (
			);
			runOnlyForDeploymentPostprocessing = 0;
		};
/* End PBXFrameworksBuildPhase section */

/* Begin PBXGroup section */
		948339862AA36E9800BA8277 = {
			isa = PBXGroup;
			children = (
				948339912AA36E9800BA8277 /* HXDR */,
				948339902AA36E9800BA8277 /* Products */,
			);
			sourceTree = "<group>";
		};
		948339902AA36E9800BA8277 /* Products */ = {
			isa = PBXGroup;
			children = (
				9483398F2AA36E9800BA8277 /* HXDR.app */,
			);
			name = Products;
			sourceTree = "<group>";
		};
		948339912AA36E9800BA8277 /* HXDR */ = {
			isa = PBXGroup;
			children = (
				948339A02AA3713600BA8277 /* Models */,
				948339922AA36E9800BA8277 /* HXDRApp.swift */,
				948339A52AA377B300BA8277 /* Views */,
				948339962AA36E9900BA8277 /* Assets.xcassets */,
				948339982AA36E9900BA8277 /* Preview Content */,
			);
			path = HXDR;
			sourceTree = "<group>";
		};
		948339982AA36E9900BA8277 /* Preview Content */ = {
			isa = PBXGroup;
			children = (
				948339992AA36E9900BA8277 /* Preview Assets.xcassets */,
			);
			path = "Preview Content";
			sourceTree = "<group>";
		};
		948339A02AA3713600BA8277 /* Models */ = {
			isa = PBXGroup;
			children = (
				948339A12AA3716F00BA8277 /* NetworkManager.swift */,
				948339A32AA3728D00BA8277 /* PostData.swift */,
			);
			path = Models;
			sourceTree = "<group>";
		};
		948339A52AA377B300BA8277 /* Views */ = {
			isa = PBXGroup;
			children = (
				948339942AA36E9800BA8277 /* ContentView.swift */,
				948339A82AA37B6000BA8277 /* WebView.swift */,
				948339A62AA377D700BA8277 /* DetailView.swift */,
			);
			path = Views;
			sourceTree = "<group>";
		};
/* End PBXGroup section */

/* Begin PBXNativeTarget section */
		9483398E2AA36E9800BA8277 /* HXDR */ = {
			isa = PBXNativeTarget;
			buildConfigurationList = 9483399D2AA36E9900BA8277 /* Build configuration list for PBXNativeTarget "HXDR" */;
			buildPhases = (
				9483398B2AA36E9800BA8277 /* Sources */,
				9483398C2AA36E9800BA8277 /* Frameworks */,
				9483398D2AA36E9800BA8277 /* Resources */,
			);
			buildRules = (
			);
			dependencies = (
			);
			name = HXDR;
			productName = HXDR;
			productReference = 9483398F2AA36E9800BA8277 /* HXDR.app */;
			productType = "com.apple.product-type.application";
		};
/* End PBXNativeTarget section */

/* Begin PBXProject section */
		948339872AA36E9800BA8277 /* Project object */ = {
			isa = PBXProject;
			attributes = {
				BuildIndependentTargetsInParallel = 1;
				LastSwiftUpdateCheck = 1430;
				LastUpgradeCheck = 1430;
				TargetAttributes = {
					9483398E2AA36E9800BA8277 = {
						CreatedOnToolsVersion = 14.3.1;
					};
				};
			};
			buildConfigurationList = 9483398A2AA36E9800BA8277 /* Build configuration list for PBXProject "HXDR" */;
			compatibilityVersion = "Xcode 14.0";
			developmentRegion = en;
			hasScannedForEncodings = 0;
			knownRegions = (
				en,
				Base,
			);
			mainGroup = 948339862AA36E9800BA8277;
			productRefGroup = 948339902AA36E9800BA8277 /* Products */;
			projectDirPath = "";
			projectRoot = "";
			targets = (
				9483398E2AA36E9800BA8277 /* HXDR */,
			);
		};
/* End PBXProject section */

/* Begin PBXResourcesBuildPhase section */
		9483398D2AA36E9800BA8277 /* Resources */ = {
			isa = PBXResourcesBuildPhase;
			buildActionMask = 2147483647;
			files = (
				9483399A2AA36E9900BA8277 /* Preview Assets.xcassets in Resources */,
				948339972AA36E9900BA8277 /* Assets.xcassets in Resources */,
			);
			runOnlyForDeploymentPostprocessing = 0;
		};
/* End PBXResourcesBuildPhase section */

/* Begin PBXSourcesBuildPhase section */
		9483398B2AA36E9800BA8277 /* Sources */ = {
			isa = PBXSourcesBuildPhase;
			buildActionMask = 2147483647;
			files = (
				948339A22AA3716F00BA8277 /* NetworkManager.swift in Sources */,
				948339A42AA3728D00BA8277 /* PostData.swift in Sources */,
				948339952AA36E9800BA8277 /* ContentView.swift in Sources */,
				948339A92AA37B6000BA8277 /* WebView.swift in Sources */,
				948339A72AA377D700BA8277 /* DetailView.swift in Sources */,
				948339932AA36E9800BA8277 /* HXDRApp.swift in Sources */,
			);
			runOnlyForDeploymentPostprocessing = 0;
		};
/* End PBXSourcesBuildPhase section */

/* Begin XCBuildConfiguration section */
		9483399B2AA36E9900BA8277 /* Debug */ = {
			isa = XCBuildConfiguration;
			buildSettings = {
				ALWAYS_SEARCH_USER_PATHS = NO;
				CLANG_ANALYZER_NONNULL = YES;
				CLANG_ANALYZER_NUMBER_OBJECT_CONVERSION = YES_AGGRESSIVE;
				CLANG_CXX_LANGUAGE_STANDARD = "gnu++20";
				CLANG_ENABLE_MODULES = YES;
				CLANG_ENABLE_OBJC_ARC = YES;
				CLANG_ENABLE_OBJC_WEAK = YES;
				CLANG_WARN_BLOCK_CAPTURE_AUTORELEASING = YES;
				CLANG_WARN_BOOL_CONVERSION = YES;
				CLANG_WARN_COMMA = YES;
				CLANG_WARN_CONSTANT_CONVERSION = YES;
				CLANG_WARN_DEPRECATED_OBJC_IMPLEMENTATIONS = YES;
				CLANG_WARN_DIRECT_OBJC_ISA_USAGE = YES_ERROR;
				CLANG_WARN_DOCUMENTATION_COMMENTS = YES;
				CLANG_WARN_EMPTY_BODY = YES;
				CLANG_WARN_ENUM_CONVERSION = YES;
				CLANG_WARN_INFINITE_RECURSION = YES;
				CLANG_WARN_INT_CONVERSION = YES;
				CLANG_WARN_NON_LITERAL_NULL_CONVERSION = YES;
				CLANG_WARN_OBJC_IMPLICIT_RETAIN_SELF = YES;
				CLANG_WARN_OBJC_LITERAL_CONVERSION = YES;
				CLANG_WARN_OBJC_ROOT_CLASS = YES_ERROR;
				CLANG_WARN_QUOTED_INCLUDE_IN_FRAMEWORK_HEADER = YES;
				CLANG_WARN_RANGE_LOOP_ANALYSIS = YES;
				CLANG_WARN_STRICT_PROTOTYPES = YES;
				CLANG_WARN_SUSPICIOUS_MOVE = YES;
				CLANG_WARN_UNGUARDED_AVAILABILITY = YES_AGGRESSIVE;
				CLANG_WARN_UNREACHABLE_CODE = YES;
				CLANG_WARN__DUPLICATE_METHOD_MATCH = YES;
				COPY_PHASE_STRIP = NO;
				DEBUG_INFORMATION_FORMAT = dwarf;
				ENABLE_STRICT_OBJC_MSGSEND = YES;
				ENABLE_TESTABILITY = YES;
				GCC_C_LANGUAGE_STANDARD = gnu11;
				GCC_DYNAMIC_NO_PIC = NO;
				GCC_NO_COMMON_BLOCKS = YES;
				GCC_OPTIMIZATION_LEVEL = 0;
				GCC_PREPROCESSOR_DEFINITIONS = (
					"DEBUG=1",
					"$(inherited)",
				);
				GCC_WARN_64_TO_32_BIT_CONVERSION = YES;
				GCC_WARN_ABOUT_RETURN_TYPE = YES_ERROR;
				GCC_WARN_UNDECLARED_SELECTOR = YES;
				GCC_WARN_UNINITIALIZED_AUTOS = YES_AGGRESSIVE;
				GCC_WARN_UNUSED_FUNCTION = YES;
				GCC_WARN_UNUSED_VARIABLE = YES;
				IPHONEOS_DEPLOYMENT_TARGET = 16.4;
				MTL_ENABLE_DEBUG_INFO = INCLUDE_SOURCE;
				MTL_FAST_MATH = YES;
				ONLY_ACTIVE_ARCH = YES;
				SDKROOT = iphoneos;
				SWIFT_ACTIVE_COMPILATION_CONDITIONS = DEBUG;
				SWIFT_OPTIMIZATION_LEVEL = "-Onone";
			};
			name = Debug;
		};
		9483399C2AA36E9900BA8277 /* Release */ = {
			isa = XCBuildConfiguration;
			buildSettings = {
				ALWAYS_SEARCH_USER_PATHS = NO;
				CLANG_ANALYZER_NONNULL = YES;
				CLANG_ANALYZER_NUMBER_OBJECT_CONVERSION = YES_AGGRESSIVE;
				CLANG_CXX_LANGUAGE_STANDARD = "gnu++20";
				CLANG_ENABLE_MODULES = YES;
				CLANG_ENABLE_OBJC_ARC = YES;
				CLANG_ENABLE_OBJC_WEAK = YES;
				CLANG_WARN_BLOCK_CAPTURE_AUTORELEASING = YES;
				CLANG_WARN_BOOL_CONVERSION = YES;
				CLANG_WARN_COMMA = YES;
				CLANG_WARN_CONSTANT_CONVERSION = YES;
				CLANG_WARN_DEPRECATED_OBJC_IMPLEMENTATIONS = YES;
				CLANG_WARN_DIRECT_OBJC_ISA_USAGE = YES_ERROR;
				CLANG_WARN_DOCUMENTATION_COMMENTS = YES;
				CLANG_WARN_EMPTY_BODY = YES;
				CLANG_WARN_ENUM_CONVERSION = YES;
				CLANG_WARN_INFINITE_RECURSION = YES;
				CLANG_WARN_INT_CONVERSION = YES;
				CLANG_WARN_NON_LITERAL_NULL_CONVERSION = YES;
				CLANG_WARN_OBJC_IMPLICIT_RETAIN_SELF = YES;
				CLANG_WARN_OBJC_LITERAL_CONVERSION = YES;
				CLANG_WARN_OBJC_ROOT_CLASS = YES_ERROR;
				CLANG_WARN_QUOTED_INCLUDE_IN_FRAMEWORK_HEADER = YES;
				CLANG_WARN_RANGE_LOOP_ANALYSIS = YES;
				CLANG_WARN_STRICT_PROTOTYPES = YES;
				CLANG_WARN_SUSPICIOUS_MOVE = YES;
				CLANG_WARN_UNGUARDED_AVAILABILITY = YES_AGGRESSIVE;
				CLANG_WARN_UNREACHABLE_CODE = YES;
				CLANG_WARN__DUPLICATE_METHOD_MATCH = YES;
				COPY_PHASE_STRIP = NO;
				DEBUG_INFORMATION_FORMAT = "dwarf-with-dsym";
				ENABLE_NS_ASSERTIONS = NO;
				ENABLE_STRICT_OBJC_MSGSEND = YES;
				GCC_C_LANGUAGE_STANDARD = gnu11;
				GCC_NO_COMMON_BLOCKS = YES;
				GCC_WARN_64_TO_32_BIT_CONVERSION = YES;
				GCC_WARN_ABOUT_RETURN_TYPE = YES_ERROR;
				GCC_WARN_UNDECLARED_SELECTOR = YES;
				GCC_WARN_UNINITIALIZED_AUTOS = YES_AGGRESSIVE;
				GCC_WARN_UNUSED_FUNCTION = YES;
				GCC_WARN_UNUSED_VARIABLE = YES;
				IPHONEOS_DEPLOYMENT_TARGET = 16.4;
				MTL_ENABLE_DEBUG_INFO = NO;
				MTL_FAST_MATH = YES;
				SDKROOT = iphoneos;
				SWIFT_COMPILATION_MODE = wholemodule;
				SWIFT_OPTIMIZATION_LEVEL = "-O";
				VALIDATE_PRODUCT = YES;
			};
			name = Release;
		};
		9483399E2AA36E9900BA8277 /* Debug */ = {
			isa = XCBuildConfiguration;
			buildSettings = {
				ASSETCATALOG_COMPILER_APPICON_NAME = AppIcon;
				ASSETCATALOG_COMPILER_GLOBAL_ACCENT_COLOR_NAME = AccentColor;
				CODE_SIGN_STYLE = Automatic;
				CURRENT_PROJECT_VERSION = 1;
				DEVELOPMENT_ASSET_PATHS = "\"HXDR/Preview Content\"";
				DEVELOPMENT_TEAM = 7DSGM69CYA;
				ENABLE_PREVIEWS = YES;
				GENERATE_INFOPLIST_FILE = YES;
				INFOPLIST_KEY_UIApplicationSceneManifest_Generation = YES;
				INFOPLIST_KEY_UIApplicationSupportsIndirectInputEvents = YES;
				INFOPLIST_KEY_UILaunchScreen_Generation = YES;
				INFOPLIST_KEY_UISupportedInterfaceOrientations_iPad = "UIInterfaceOrientationPortrait UIInterfaceOrientationPortraitUpsideDown UIInterfaceOrientationLandscapeLeft UIInterfaceOrientationLandscapeRight";
				INFOPLIST_KEY_UISupportedInterfaceOrientations_iPhone = "UIInterfaceOrientationPortrait UIInterfaceOrientationLandscapeLeft UIInterfaceOrientationLandscapeRight";
				LD_RUNPATH_SEARCH_PATHS = (
					"$(inherited)",
					"@executable_path/Frameworks",
				);
				MARKETING_VERSION = 1.0;
				PRODUCT_BUNDLE_IDENTIFIER = co.shubhamnanda.HXDR;
				PRODUCT_NAME = "$(TARGET_NAME)";
				SWIFT_EMIT_LOC_STRINGS = YES;
				SWIFT_VERSION = 5.0;
				TARGETED_DEVICE_FAMILY = "1,2";
			};
			name = Debug;
		};
		9483399F2AA36E9900BA8277 /* Release */ = {
			isa = XCBuildConfiguration;
			buildSettings = {
				ASSETCATALOG_COMPILER_APPICON_NAME = AppIcon;
				ASSETCATALOG_COMPILER_GLOBAL_ACCENT_COLOR_NAME = AccentColor;
				CODE_SIGN_STYLE = Automatic;
				CURRENT_PROJECT_VERSION = 1;
				DEVELOPMENT_ASSET_PATHS = "\"HXDR/Preview Content\"";
				DEVELOPMENT_TEAM = 7DSGM69CYA;
				ENABLE_PREVIEWS = YES;
				GENERATE_INFOPLIST_FILE = YES;
				INFOPLIST_KEY_UIApplicationSceneManifest_Generation = YES;
				INFOPLIST_KEY_UIApplicationSupportsIndirectInputEvents = YES;
				INFOPLIST_KEY_UILaunchScreen_Generation = YES;
				INFOPLIST_KEY_UISupportedInterfaceOrientations_iPad = "UIInterfaceOrientationPortrait UIInterfaceOrientationPortraitUpsideDown UIInterfaceOrientationLandscapeLeft UIInterfaceOrientationLandscapeRight";
				INFOPLIST_KEY_UISupportedInterfaceOrientations_iPhone = "UIInterfaceOrientationPortrait UIInterfaceOrientationLandscapeLeft UIInterfaceOrientationLandscapeRight";
				LD_RUNPATH_SEARCH_PATHS = (
					"$(inherited)",
					"@executable_path/Frameworks",
				);
				MARKETING_VERSION = 1.0;
				PRODUCT_BUNDLE_IDENTIFIER = co.shubhamnanda.HXDR;
				PRODUCT_NAME = "$(TARGET_NAME)";
				SWIFT_EMIT_LOC_STRINGS = YES;
				SWIFT_VERSION = 5.0;
				TARGETED_DEVICE_FAMILY = "1,2";
			};
			name = Release;
		};
/* End XCBuildConfiguration section */

/* Begin XCConfigurationList section */
		9483398A2AA36E9800BA8277 /* Build configuration list for PBXProject "HXDR" */ = {
			isa = XCConfigurationList;
			buildConfigurations = (
				9483399B2AA36E9900BA8277 /* Debug */,
				9483399C2AA36E9900BA8277 /* Release */,
			);
			defaultConfigurationIsVisible = 0;
			defaultConfigurationName = Release;
		};
		9483399D2AA36E9900BA8277 /* Build configuration list for PBXNativeTarget "HXDR" */ = {
			isa = XCConfigurationList;
			buildConfigurations = (
				9483399E2AA36E9900BA8277 /* Debug */,
				9483399F2AA36E9900BA8277 /* Release */,
			);
			defaultConfigurationIsVisible = 0;
			defaultConfigurationName = Release;
		};
/* End XCConfigurationList section */
	};
	rootObject = 948339872AA36E9800BA8277 /* Project object */;
}
